
Microsoft Visual Studio Solution File, Format Version 12.00
# Visual Studio Version 17
VisualStudioVersion = 17.3.32819.101
MinimumVisualStudioVersion = 10.0.40219.1
Project("{FAE04EC0-301F-11D3-BF4B-00C04F79EFBC}") = "SalesServicesSoftwareModule", "SalesServicesSoftwareModule\SalesServicesSoftwareModule.csproj", "{A35629E7-6BC7-4782-88F2-CAAD7C4A2639}"
EndProject
Global
	GlobalSection(SolutionConfigurationPlatforms) = preSolution
		Debug|Any CPU = Debug|Any CPU
		Release|Any CPU = Release|Any CPU
	EndGlobalSection
	GlobalSection(ProjectConfigurationPlatforms) = postSolution
		{A35629E7-6BC7-4782-88F2-CAAD7C4A2639}.Debug|Any CPU.ActiveCfg = Debug|Any CPU
		{A35629E7-6BC7-4782-88F2-CAAD7C4A2639}.Debug|Any CPU.Build.0 = Debug|Any CPU
		{A35629E7-6BC7-4782-88F2-CAAD7C4A2639}.Release|Any CPU.ActiveCfg = Release|Any CPU
		{A35629E7-6BC7-4782-88F2-CAAD7C4A2639}.Release|Any CPU.Build.0 = Release|Any CPU
	EndGlobalSection
	GlobalSection(SolutionProperties) = preSolution
		HideSolutionNode = FALSE
	EndGlobalSection
	GlobalSection(ExtensibilityGlobals) = postSolution
		SolutionGuid = {7906A3FD-9975-4002-AA77-1E437381A7CC}
	EndGlobalSection
EndGlobal
